
Microsoft Visual Studio Solution File, Format Version 12.00
# Visual Studio Version 16
VisualStudioVersion = 16.0.30114.105
MinimumVisualStudioVersion = 10.0.40219.1
Project("{FAE04EC0-301F-11D3-BF4B-00C04F79EFBC}") = "API", "API\API.csproj", "{BD1E42A4-55FE-4681-9A59-81CAA5D3987E}"
EndProject
Project("{FAE04EC0-301F-11D3-BF4B-00C04F79EFBC}") = "Application", "Application\Application.csproj", "{DDDBBD84-B3A0-45FF-BB2F-0C4C406FFBF1}"
EndProject
Project("{FAE04EC0-301F-11D3-BF4B-00C04F79EFBC}") = "Domain", "Domain\Domain.csproj", "{69CE9193-1A23-4562-A27B-EC76F19A039B}"
EndProject
Project("{FAE04EC0-301F-11D3-BF4B-00C04F79EFBC}") = "Persistence", "Persistence\Persistence.csproj", "{D856908C-DBD7-45FD-88B2-FBB72EF09337}"
EndProject
Global
	GlobalSection(SolutionConfigurationPlatforms) = preSolution
		Debug|Any CPU = Debug|Any CPU
		Debug|x64 = Debug|x64
		Debug|x86 = Debug|x86
		Release|Any CPU = Release|Any CPU
		Release|x64 = Release|x64
		Release|x86 = Release|x86
	EndGlobalSection
	GlobalSection(SolutionProperties) = preSolution
		HideSolutionNode = FALSE
	EndGlobalSection
	GlobalSection(ProjectConfigurationPlatforms) = postSolution
		{BD1E42A4-55FE-4681-9A59-81CAA5D3987E}.Debug|Any CPU.ActiveCfg = Debug|Any CPU
		{BD1E42A4-55FE-4681-9A59-81CAA5D3987E}.Debug|Any CPU.Build.0 = Debug|Any CPU
		{BD1E42A4-55FE-4681-9A59-81CAA5D3987E}.Debug|x64.ActiveCfg = Debug|Any CPU
		{BD1E42A4-55FE-4681-9A59-81CAA5D3987E}.Debug|x64.Build.0 = Debug|Any CPU
		{BD1E42A4-55FE-4681-9A59-81CAA5D3987E}.Debug|x86.ActiveCfg = Debug|Any CPU
		{BD1E42A4-55FE-4681-9A59-81CAA5D3987E}.Debug|x86.Build.0 = Debug|Any CPU
		{BD1E42A4-55FE-4681-9A59-81CAA5D3987E}.Release|Any CPU.ActiveCfg = Release|Any CPU
		{BD1E42A4-55FE-4681-9A59-81CAA5D3987E}.Release|Any CPU.Build.0 = Release|Any CPU
		{BD1E42A4-55FE-4681-9A59-81CAA5D3987E}.Release|x64.ActiveCfg = Release|Any CPU
		{BD1E42A4-55FE-4681-9A59-81CAA5D3987E}.Release|x64.Build.0 = Release|Any CPU
		{BD1E42A4-55FE-4681-9A59-81CAA5D3987E}.Release|x86.ActiveCfg = Release|Any CPU
		{BD1E42A4-55FE-4681-9A59-81CAA5D3987E}.Release|x86.Build.0 = Release|Any CPU
		{DDDBBD84-B3A0-45FF-BB2F-0C4C406FFBF1}.Debug|Any CPU.ActiveCfg = Debug|Any CPU
		{DDDBBD84-B3A0-45FF-BB2F-0C4C406FFBF1}.Debug|Any CPU.Build.0 = Debug|Any CPU
		{DDDBBD84-B3A0-45FF-BB2F-0C4C406FFBF1}.Debug|x64.ActiveCfg = Debug|Any CPU
		{DDDBBD84-B3A0-45FF-BB2F-0C4C406FFBF1}.Debug|x64.Build.0 = Debug|Any CPU
		{DDDBBD84-B3A0-45FF-BB2F-0C4C406FFBF1}.Debug|x86.ActiveCfg = Debug|Any CPU
		{DDDBBD84-B3A0-45FF-BB2F-0C4C406FFBF1}.Debug|x86.Build.0 = Debug|Any CPU
		{DDDBBD84-B3A0-45FF-BB2F-0C4C406FFBF1}.Release|Any CPU.ActiveCfg = Release|Any CPU
		{DDDBBD84-B3A0-45FF-BB2F-0C4C406FFBF1}.Release|Any CPU.Build.0 = Release|Any CPU
		{DDDBBD84-B3A0-45FF-BB2F-0C4C406FFBF1}.Release|x64.ActiveCfg = Release|Any CPU
		{DDDBBD84-B3A0-45FF-BB2F-0C4C406FFBF1}.Release|x64.Build.0 = Release|Any CPU
		{DDDBBD84-B3A0-45FF-BB2F-0C4C406FFBF1}.Release|x86.ActiveCfg = Release|Any CPU
		{DDDBBD84-B3A0-45FF-BB2F-0C4C406FFBF1}.Release|x86.Build.0 = Release|Any CPU
		{69CE9193-1A23-4562-A27B-EC76F19A039B}.Debug|Any CPU.ActiveCfg = Debug|Any CPU
		{69CE9193-1A23-4562-A27B-EC76F19A039B}.Debug|Any CPU.Build.0 = Debug|Any CPU
		{69CE9193-1A23-4562-A27B-EC76F19A039B}.Debug|x64.ActiveCfg = Debug|Any CPU
		{69CE9193-1A23-4562-A27B-EC76F19A039B}.Debug|x64.Build.0 = Debug|Any CPU
		{69CE9193-1A23-4562-A27B-EC76F19A039B}.Debug|x86.ActiveCfg = Debug|Any CPU
		{69CE9193-1A23-4562-A27B-EC76F19A039B}.Debug|x86.Build.0 = Debug|Any CPU
		{69CE9193-1A23-4562-A27B-EC76F19A039B}.Release|Any CPU.ActiveCfg = Release|Any CPU
		{69CE9193-1A23-4562-A27B-EC76F19A039B}.Release|Any CPU.Build.0 = Release|Any CPU
		{69CE9193-1A23-4562-A27B-EC76F19A039B}.Release|x64.ActiveCfg = Release|Any CPU
		{69CE9193-1A23-4562-A27B-EC76F19A039B}.Release|x64.Build.0 = Release|Any CPU
		{69CE9193-1A23-4562-A27B-EC76F19A039B}.Release|x86.ActiveCfg = Release|Any CPU
		{69CE9193-1A23-4562-A27B-EC76F19A039B}.Release|x86.Build.0 = Release|Any CPU
		{D856908C-DBD7-45FD-88B2-FBB72EF09337}.Debug|Any CPU.ActiveCfg = Debug|Any CPU
		{D856908C-DBD7-45FD-88B2-FBB72EF09337}.Debug|Any CPU.Build.0 = Debug|Any CPU
		{D856908C-DBD7-45FD-88B2-FBB72EF09337}.Debug|x64.ActiveCfg = Debug|Any CPU
		{D856908C-DBD7-45FD-88B2-FBB72EF09337}.Debug|x64.Build.0 = Debug|Any CPU
		{D856908C-DBD7-45FD-88B2-FBB72EF09337}.Debug|x86.ActiveCfg = Debug|Any CPU
		{D856908C-DBD7-45FD-88B2-FBB72EF09337}.Debug|x86.Build.0 = Debug|Any CPU
		{D856908C-DBD7-45FD-88B2-FBB72EF09337}.Release|Any CPU.ActiveCfg = Release|Any CPU
		{D856908C-DBD7-45FD-88B2-FBB72EF09337}.Release|Any CPU.Build.0 = Release|Any CPU
		{D856908C-DBD7-45FD-88B2-FBB72EF09337}.Release|x64.ActiveCfg = Release|Any CPU
		{D856908C-DBD7-45FD-88B2-FBB72EF09337}.Release|x64.Build.0 = Release|Any CPU
		{D856908C-DBD7-45FD-88B2-FBB72EF09337}.Release|x86.ActiveCfg = Release|Any CPU
		{D856908C-DBD7-45FD-88B2-FBB72EF09337}.Release|x86.Build.0 = Release|Any CPU
	EndGlobalSection
EndGlobal
